{
  "originHash" : "718511957347a388d5979ac92d25d707d86a395f99db1692df9cb332fa15cc08",
  "pins" : [
    {
      "identity" : "lottie-ios",
      "kind" : "remoteSourceControl",
      "location" : "https://github.com/airbnb/lottie-ios.git",
      "state" : {
        "revision" : "a004050748dc197c56256a14dca49a035d74726c",
        "version" : "4.5.2"
      }
    },
    {
      "identity" : "plcrashreporter",
      "kind" : "remoteSourceControl",
      "location" : "https://github.com/microsoft/plcrashreporter.git",
      "state" : {
        "revision" : "0254f941c646b1ed17b243654723d0f071e990d0",
        "version" : "1.12.2"
      }
    },
    {
      "identity" : "posthog-ios",
      "kind" : "remoteSourceControl",
      "location" : "https://github.com/PostHog/posthog-ios.git",
      "state" : {
        "revision" : "09da1be6a614325a6a464c6d2017a9ac858d1b5a",
        "version" : "3.47.0"
      }
    },
    {
      "identity" : "purchases-ios-spm",
      "kind" : "remoteSourceControl",
      "location" : "https://github.com/RevenueCat/purchases-ios-spm.git",
      "state" : {
        "revision" : "9cb74af9c5e9b4e9c22a511d8df4481fa7e3de16",
        "version" : "5.32.0"
      }
    },
    {
      "identity" : "superscript-ios",
      "kind" : "remoteSourceControl",
      "location" : "https://github.com/superwall/Superscript-iOS",
      "state" : {
        "revision" : "711866edcb62dbd237c24ed3e5fa39fad0db639f",
        "version" : "1.0.13"
      }
    },
    {
      "identity" : "superwall-ios",
      "kind" : "remoteSourceControl",
      "location" : "https://github.com/superwall/Superwall-iOS",
      "state" : {
        "revision" : "aa839af572d9a85f6ec745d693019cc334473673",
        "version" : "4.14.0"
      }
    }
  ],
  "version" : 3
}
